// !$*UTF8*$!
{
	archiveVersion = 1;
	classes = {
	};
	objectVersion = 77;
	objects = {

/* Begin PBXContainerItemProxy section */
		F320C0012FD3DC1B009CF56C /* PBXContainerItemProxy */ = {
			isa = PBXContainerItemProxy;
			containerPortal = F320BFE92FD3DC1A009CF56C /* Project object */;
			proxyType = 1;
			remoteGlobalIDString = F320BFF02FD3DC1A009CF56C;
			remoteInfo = FamilyNightAssignments;
		};
		F320C00B2FD3DC1B009CF56C /* PBXContainerItemProxy */ = {
			isa = PBXContainerItemProxy;
			containerPortal = F320BFE92FD3DC1A009CF56C /* Project object */;
			proxyType = 1;
			remoteGlobalIDString = F320BFF02FD3DC1A009CF56C;
			remoteInfo = FamilyNightAssignments;
		};
/* End PBXContainerItemProxy section */

/* Begin PBXFileReference section */
		F320BFF12FD3DC1A009CF56C /* FamilyNightAssignments.app */ = {isa = PBXFileReference; explicitFileType = wrapper.application; includeInIndex = 0; path = FamilyNightAssignments.app; sourceTree = BUILT_PRODUCTS_DIR; };
		F320C0002FD3DC1B009CF56C /* FamilyNightAssignmentsTests.xctest */ = {isa = PBXFileReference; explicitFileType = wrapper.cfbundle; includeInIndex = 0; path = FamilyNightAssignmentsTests.xctest; sourceTree = BUILT_PRODUCTS_DIR; };
		F320C00A2FD3DC1B009CF56C /* FamilyNightAssignmentsUITests.xctest */ = {isa = PBXFileReference; explicitFileType = wrapper.cfbundle; includeInIndex = 0; path = FamilyNightAssignmentsUITests.xctest; sourceTree = BUILT_PRODUCTS_DIR; };
/* End PBXFileReference section */

/* Begin PBXFileSystemSynchronizedBuildFileExceptionSet section */
		F320C02C2FD41D82009CF56C /* Exceptions for "FamilyNightAssignments" folder in "FamilyNightAssignments" target */ = {
			isa = PBXFileSystemSynchronizedBuildFileExceptionSet;
			membershipExceptions = (
				Info.plist,
			);
			target = F320BFF02FD3DC1A009CF56C /* FamilyNightAssignments */;
		};
/* End PBXFileSystemSynchronizedBuildFileExceptionSet section */

/* Begin PBXFileSystemSynchronizedRootGroup section */
		F320BFF32FD3DC1A009CF56C /* FamilyNightAssignments */ = {
			isa = PBXFileSystemSynchronizedRootGroup;
			exceptions = (
				F320C02C2FD41D82009CF56C /* Exceptions for "FamilyNightAssignments" folder in "FamilyNightAssignments" target */,
			);
			path = FamilyNightAssignments;
			sourceTree = "<group>";
		};
		F320C0032FD3DC1B009CF56C /* FamilyNightAssignmentsTests */ = {
			isa = PBXFileSystemSynchronizedRootGroup;
			path = FamilyNightAssignmentsTests;
			sourceTree = "<group>";
		};
		F320C00D2FD3DC1B009CF56C /* FamilyNightAssignmentsUITests */ = {
			isa = PBXFileSystemSynchronizedRootGroup;
			path = FamilyNightAssignmentsUITests;
			sourceTree = "<group>";
		};
/* End PBXFileSystemSynchronizedRootGroup section */

/* Begin PBXFrameworksBuildPhase section */
		F320BFEE2FD3DC1A009CF56C /* Frameworks */ = {
			isa = PBXFrameworksBuildPhase;
			buildActionMask = 2147483647;
			files = (
			);
			runOnlyForDeploymentPostprocessing = 0;
		};
		F320BFFD2FD3DC1B009CF56C /* Frameworks */ = {
			isa = PBXFrameworksBuildPhase;
			buildActionMask = 2147483647;
			files = (
			);
			runOnlyForDeploymentPostprocessing = 0;
		};
		F320C0072FD3DC1B009CF56C /* Frameworks */ = {
			isa = PBXFrameworksBuildPhase;
			buildActionMask = 2147483647;
			files = (
			);
			runOnlyForDeploymentPostprocessing = 0;
		};
/* End PBXFrameworksBuildPhase section */

/* Begin PBXGroup section */
		F320BFE82FD3DC1A009CF56C = {
			isa = PBXGroup;
			children = (
				F320BFF32FD3DC1A009CF56C /* FamilyNightAssignments */,
				F320C0032FD3DC1B009CF56C /* FamilyNightAssignmentsTests */,
				F320C00D2FD3DC1B009CF56C /* FamilyNightAssignmentsUITests */,
				F320BFF22FD3DC1A009CF56C /* Products */,
			);
			sourceTree = "<group>";
		};
		F320BFF22FD3DC1A009CF56C /* Products */ = {
			isa = PBXGroup;
			children = (
				F320BFF12FD3DC1A009CF56C /* FamilyNightAssignments.app */,
				F320C0002FD3DC1B009CF56C /* FamilyNightAssignmentsTests.xctest */,
				F320C00A2FD3DC1B009CF56C /* FamilyNightAssignmentsUITests.xctest */,
			);
			name = Products;
			sourceTree = "<group>";
		};
/* End PBXGroup section */

/* Begin PBXNativeTarget section */
		F320BFF02FD3DC1A009CF56C /* FamilyNightAssignments */ = {
			isa = PBXNativeTarget;
			buildConfigurationList = F320C0142FD3DC1B009CF56C /* Build configuration list for PBXNativeTarget "FamilyNightAssignments" */;
			buildPhases = (
				F320BFED2FD3DC1A009CF56C /* Sources */,
				F320BFEE2FD3DC1A009CF56C /* Frameworks */,
				F320BFEF2FD3DC1A009CF56C /* Resources */,
			);
			buildRules = (
			);
			dependencies = (
			);
			fileSystemSynchronizedGroups = (
				F320BFF32FD3DC1A009CF56C /* FamilyNightAssignments */,
			);
			name = FamilyNightAssignments;
			packageProductDependencies = (
			);
			productName = FamilyNightAssignments;
			productReference = F320BFF12FD3DC1A009CF56C /* FamilyNightAssignments.app */;
			productType = "com.apple.product-type.application";
		};
		F320BFFF2FD3DC1B009CF56C /* FamilyNightAssignmentsTests */ = {
			isa = PBXNativeTarget;
			buildConfigurationList = F320C0172FD3DC1B009CF56C /* Build configuration list for PBXNativeTarget "FamilyNightAssignmentsTests" */;
			buildPhases = (
				F320BFFC2FD3DC1B009CF56C /* Sources */,
				F320BFFD2FD3DC1B009CF56C /* Frameworks */,
				F320BFFE2FD3DC1B009CF56C /* Resources */,
			);
			buildRules = (
			);
			dependencies = (
				F320C0022FD3DC1B009CF56C /* PBXTargetDependency */,
			);
			fileSystemSynchronizedGroups = (
				F320C0032FD3DC1B009CF56C /* FamilyNightAssignmentsTests */,
			);
			name = FamilyNightAssignmentsTests;
			packageProductDependencies = (
			);
			productName = FamilyNightAssignmentsTests;
			productReference = F320C0002FD3DC1B009CF56C /* FamilyNightAssignmentsTests.xctest */;
			productType = "com.apple.product-type.bundle.unit-test";
		};
		F320C0092FD3DC1B009CF56C /* FamilyNightAssignmentsUITests */ = {
			isa = PBXNativeTarget;
			buildConfigurationList = F320C01A2FD3DC1B009CF56C /* Build configuration list for PBXNativeTarget "FamilyNightAssignmentsUITests" */;
			buildPhases = (
				F320C0062FD3DC1B009CF56C /* Sources */,
				F320C0072FD3DC1B009CF56C /* Frameworks */,
				F320C0082FD3DC1B009CF56C /* Resources */,
			);
			buildRules = (
			);
			dependencies = (
				F320C00C2FD3DC1B009CF56C /* PBXTargetDependency */,
			);
			fileSystemSynchronizedGroups = (
				F320C00D2FD3DC1B009CF56C /* FamilyNightAssignmentsUITests */,
			);
			name = FamilyNightAssignmentsUITests;
			packageProductDependencies = (
			);
			productName = FamilyNightAssignmentsUITests;
			productReference = F320C00A2FD3DC1B009CF56C /* FamilyNightAssignmentsUITests.xctest */;
			productType = "com.apple.product-type.bundle.ui-testing";
		};
/* End PBXNativeTarget section */

/* Begin PBXProject section */
		F320BFE92FD3DC1A009CF56C /* Project object */ = {
			isa = PBXProject;
			attributes = {
				BuildIndependentTargetsInParallel = 1;
				LastSwiftUpdateCheck = 2650;
				LastUpgradeCheck = 2660;
				TargetAttributes = {
					F320BFF02FD3DC1A009CF56C = {
						CreatedOnToolsVersion = 26.5;
					};
					F320BFFF2FD3DC1B009CF56C = {
						CreatedOnToolsVersion = 26.5;
						TestTargetID = F320BFF02FD3DC1A009CF56C;
					};
					F320C0092FD3DC1B009CF56C = {
						CreatedOnToolsVersion = 26.5;
						TestTargetID = F320BFF02FD3DC1A009CF56C;
					};
				};
			};
			buildConfigurationList = F320BFEC2FD3DC1A009CF56C /* Build configuration list for PBXProject "FamilyNightAssignments" */;
			developmentRegion = en;
			hasScannedForEncodings = 0;
			knownRegions = (
				en,
				Base,
			);
			mainGroup = F320BFE82FD3DC1A009CF56C;
			minimizedProjectReferenceProxies = 1;
			preferredProjectObjectVersion = 77;
			productRefGroup = F320BFF22FD3DC1A009CF56C /* Products */;
			projectDirPath = "";
			projectRoot = "";
			targets = (
				F320BFF02FD3DC1A009CF56C /* FamilyNightAssignments */,
				F320BFFF2FD3DC1B009CF56C /* FamilyNightAssignmentsTests */,
				F320C0092FD3DC1B009CF56C /* FamilyNightAssignmentsUITests */,
			);
		};
/* End PBXProject section */

/* Begin PBXResourcesBuildPhase section */
		F320BFEF2FD3DC1A009CF56C /* Resources */ = {
			isa = PBXResourcesBuildPhase;
			buildActionMask = 2147483647;
			files = (
			);
			runOnlyForDeploymentPostprocessing = 0;
		};
		F320BFFE2FD3DC1B009CF56C /* Resources */ = {
			isa = PBXResourcesBuildPhase;
			buildActionMask = 2147483647;
			files = (
			);
			runOnlyForDeploymentPostprocessing = 0;
		};
		F320C0082FD3DC1B009CF56C /* Resources */ = {
			isa = PBXResourcesBuildPhase;
			buildActionMask = 2147483647;
			files = (
			);
			runOnlyForDeploymentPostprocessing = 0;
		};
/* End PBXResourcesBuildPhase section */

/* Begin PBXSourcesBuildPhase section */
		F320BFED2FD3DC1A009CF56C /* Sources */ = {
			isa = PBXSourcesBuildPhase;
			buildActionMask = 2147483647;
			files = (
			);
			runOnlyForDeploymentPostprocessing = 0;
		};
		F320BFFC2FD3DC1B009CF56C /* Sources */ = {
			isa = PBXSourcesBuildPhase;
			buildActionMask = 2147483647;
			files = (
			);
			runOnlyForDeploymentPostprocessing = 0;
		};
		F320C0062FD3DC1B009CF56C /* Sources */ = {
			isa = PBXSourcesBuildPhase;
			buildActionMask = 2147483647;
			files = (
			);
			runOnlyForDeploymentPostprocessing = 0;
		};
/* End PBXSourcesBuildPhase section */

/* Begin PBXTargetDependency section */
		F320C0022FD3DC1B009CF56C /* PBXTargetDependency */ = {
			isa = PBXTargetDependency;
			target = F320BFF02FD3DC1A009CF56C /* FamilyNightAssignments */;
			targetProxy = F320C0012FD3DC1B009CF56C /* PBXContainerItemProxy */;
		};
		F320C00C2FD3DC1B009CF56C /* PBXTargetDependency */ = {
			isa = PBXTargetDependency;
			target = F320BFF02FD3DC1A009CF56C /* FamilyNightAssignments */;
			targetProxy = F320C00B2FD3DC1B009CF56C /* PBXContainerItemProxy */;
		};
/* End PBXTargetDependency section */

/* Begin XCBuildConfiguration section */
		F320C0122FD3DC1B009CF56C /* Debug */ = {
			isa = XCBuildConfiguration;
			buildSettings = {
				ALWAYS_SEARCH_USER_PATHS = NO;
				ASSETCATALOG_COMPILER_GENERATE_SWIFT_ASSET_SYMBOL_EXTENSIONS = YES;
				CLANG_ANALYZER_NONNULL = YES;
				CLANG_ANALYZER_NUMBER_OBJECT_CONVERSION = YES_AGGRESSIVE;
				CLANG_CXX_LANGUAGE_STANDARD = "gnu++20";
				CLANG_ENABLE_MODULES = YES;
				CLANG_ENABLE_OBJC_ARC = YES;
				CLANG_ENABLE_OBJC_WEAK = YES;
				CLANG_WARN_BLOCK_CAPTURE_AUTORELEASING = YES;
				CLANG_WARN_BOOL_CONVERSION = YES;
				CLANG_WARN_COMMA = YES;
				CLANG_WARN_CONSTANT_CONVERSION = YES;
				CLANG_WARN_DEPRECATED_OBJC_IMPLEMENTATIONS = YES;
				CLANG_WARN_DIRECT_OBJC_ISA_USAGE = YES_ERROR;
				CLANG_WARN_DOCUMENTATION_COMMENTS = YES;
				CLANG_WARN_EMPTY_BODY = YES;
				CLANG_WARN_ENUM_CONVERSION = YES;
				CLANG_WARN_INFINITE_RECURSION = YES;
				CLANG_WARN_INT_CONVERSION = YES;
				CLANG_WARN_NON_LITERAL_NULL_CONVERSION = YES;
				CLANG_WARN_OBJC_IMPLICIT_RETAIN_SELF = YES;
				CLANG_WARN_OBJC_LITERAL_CONVERSION = YES;
				CLANG_WARN_OBJC_ROOT_CLASS = YES_ERROR;
				CLANG_WARN_QUOTED_INCLUDE_IN_FRAMEWORK_HEADER = YES;
				CLANG_WARN_RANGE_LOOP_ANALYSIS = YES;
				CLANG_WARN_STRICT_PROTOTYPES = YES;
				CLANG_WARN_SUSPICIOUS_MOVE = YES;
				CLANG_WARN_UNGUARDED_AVAILABILITY = YES_AGGRESSIVE;
				CLANG_WARN_UNREACHABLE_CODE = YES;
				CLANG_WARN__DUPLICATE_METHOD_MATCH = YES;
				COPY_PHASE_STRIP = NO;
				DEBUG_INFORMATION_FORMAT = dwarf;
				DEVELOPMENT_TEAM = AKHAZ5HXAN;
				ENABLE_STRICT_OBJC_MSGSEND = YES;
				ENABLE_TESTABILITY = YES;
				ENABLE_USER_SCRIPT_SANDBOXING = YES;
				GCC_C_LANGUAGE_STANDARD = gnu17;
				GCC_DYNAMIC_NO_PIC = NO;
				GCC_NO_COMMON_BLOCKS = YES;
				GCC_OPTIMIZATION_LEVEL = 0;
				GCC_PREPROCESSOR_DEFINITIONS = (
					"DEBUG=1",
					"$(inherited)",
				);
				GCC_WARN_64_TO_32_BIT_CONVERSION = YES;
				GCC_WARN_ABOUT_RETURN_TYPE = YES_ERROR;
				GCC_WARN_UNDECLARED_SELECTOR = YES;
				GCC_WARN_UNINITIALIZED_AUTOS = YES_AGGRESSIVE;
				GCC_WARN_UNUSED_FUNCTION = YES;
				GCC_WARN_UNUSED_VARIABLE = YES;
				IPHONEOS_DEPLOYMENT_TARGET = 26.5;
				LOCALIZATION_PREFERS_STRING_CATALOGS = YES;
				MTL_ENABLE_DEBUG_INFO = INCLUDE_SOURCE;
				MTL_FAST_MATH = YES;
				ONLY_ACTIVE_ARCH = YES;
				SDKROOT = iphoneos;
				STRING_CATALOG_GENERATE_SYMBOLS = YES;
				SWIFT_ACTIVE_COMPILATION_CONDITIONS = "DEBUG $(inherited)";
				SWIFT_OPTIMIZATION_LEVEL = "-Onone";
			};
			name = Debug;
		};
		F320C0132FD3DC1B009CF56C /* Release */ = {
			isa = XCBuildConfiguration;
			buildSettings = {
				ALWAYS_SEARCH_USER_PATHS = NO;
				ASSETCATALOG_COMPILER_GENERATE_SWIFT_ASSET_SYMBOL_EXTENSIONS = YES;
				CLANG_ANALYZER_NONNULL = YES;
				CLANG_ANALYZER_NUMBER_OBJECT_CONVERSION = YES_AGGRESSIVE;
				CLANG_CXX_LANGUAGE_STANDARD = "gnu++20";
				CLANG_ENABLE_MODULES = YES;
				CLANG_ENABLE_OBJC_ARC = YES;
				CLANG_ENABLE_OBJC_WEAK = YES;
				CLANG_WARN_BLOCK_CAPTURE_AUTORELEASING = YES;
				CLANG_WARN_BOOL_CONVERSION = YES;
				CLANG_WARN_COMMA = YES;
				CLANG_WARN_CONSTANT_CONVERSION = YES;
				CLANG_WARN_DEPRECATED_OBJC_IMPLEMENTATIONS = YES;
				CLANG_WARN_DIRECT_OBJC_ISA_USAGE = YES_ERROR;
				CLANG_WARN_DOCUMENTATION_COMMENTS = YES;
				CLANG_WARN_EMPTY_BODY = YES;
				CLANG_WARN_ENUM_CONVERSION = YES;
				CLANG_WARN_INFINITE_RECURSION = YES;
				CLANG_WARN_INT_CONVERSION = YES;
				CLANG_WARN_NON_LITERAL_NULL_CONVERSION = YES;
				CLANG_WARN_OBJC_IMPLICIT_RETAIN_SELF = YES;
				CLANG_WARN_OBJC_LITERAL_CONVERSION = YES;
				CLANG_WARN_OBJC_ROOT_CLASS = YES_ERROR;
				CLANG_WARN_QUOTED_INCLUDE_IN_FRAMEWORK_HEADER = YES;
				CLANG_WARN_RANGE_LOOP_ANALYSIS = YES;
				CLANG_WARN_STRICT_PROTOTYPES = YES;
				CLANG_WARN_SUSPICIOUS_MOVE = YES;
				CLANG_WARN_UNGUARDED_AVAILABILITY = YES_AGGRESSIVE;
				CLANG_WARN_UNREACHABLE_CODE = YES;
				CLANG_WARN__DUPLICATE_METHOD_MATCH = YES;
				COPY_PHASE_STRIP = NO;
				DEBUG_INFORMATION_FORMAT = "dwarf-with-dsym";
				DEVELOPMENT_TEAM = AKHAZ5HXAN;
				ENABLE_NS_ASSERTIONS = NO;
				ENABLE_STRICT_OBJC_MSGSEND = YES;
				ENABLE_USER_SCRIPT_SANDBOXING = YES;
				GCC_C_LANGUAGE_STANDARD = gnu17;
				GCC_NO_COMMON_BLOCKS = YES;
				GCC_WARN_64_TO_32_BIT_CONVERSION = YES;
				GCC_WARN_ABOUT_RETURN_TYPE = YES_ERROR;
				GCC_WARN_UNDECLARED_SELECTOR = YES;
				GCC_WARN_UNINITIALIZED_AUTOS = YES_AGGRESSIVE;
				GCC_WARN_UNUSED_FUNCTION = YES;
				GCC_WARN_UNUSED_VARIABLE = YES;
				IPHONEOS_DEPLOYMENT_TARGET = 26.5;
				LOCALIZATION_PREFERS_STRING_CATALOGS = YES;
				MTL_ENABLE_DEBUG_INFO = NO;
				MTL_FAST_MATH = YES;
				SDKROOT = iphoneos;
				STRING_CATALOG_GENERATE_SYMBOLS = YES;
				SWIFT_COMPILATION_MODE = wholemodule;
				VALIDATE_PRODUCT = YES;
			};
			name = Release;
		};
		F320C0152FD3DC1B009CF56C /* Debug */ = {
			isa = XCBuildConfiguration;
			buildSettings = {
				ASSETCATALOG_COMPILER_APPICON_NAME = AppIcon;
				ASSETCATALOG_COMPILER_GLOBAL_ACCENT_COLOR_NAME = AccentColor;
				CODE_SIGN_STYLE = Automatic;
				CURRENT_PROJECT_VERSION = 1;
				DEVELOPMENT_TEAM = AKHAZ5HXAN;
				ENABLE_PREVIEWS = YES;
				GENERATE_INFOPLIST_FILE = YES;
				INFOPLIST_FILE = FamilyNightAssignments/Info.plist;
				INFOPLIST_KEY_CFBundleDisplayName = "Family Night Assignments";
				INFOPLIST_KEY_LSApplicationCategoryType = "public.app-category.lifestyle";
				INFOPLIST_KEY_NSCameraUsageDescription = "We need camera access to take your avatar photo.";
				INFOPLIST_KEY_UIApplicationSceneManifest_Generation = YES;
				INFOPLIST_KEY_UIApplicationSupportsIndirectInputEvents = YES;
				INFOPLIST_KEY_UILaunchScreen_Generation = YES;
				INFOPLIST_KEY_UISupportedInterfaceOrientations_iPad = "UIInterfaceOrientationPortrait UIInterfaceOrientationPortraitUpsideDown UIInterfaceOrientationLandscapeLeft UIInterfaceOrientationLandscapeRight";
				INFOPLIST_KEY_UISupportedInterfaceOrientations_iPhone = "UIInterfaceOrientationPortrait UIInterfaceOrientationLandscapeLeft UIInterfaceOrientationLandscapeRight";
				LD_RUNPATH_SEARCH_PATHS = (
					"$(inherited)",
					"@executable_path/Frameworks",
				);
				MARKETING_VERSION = 1.0;
				PRODUCT_BUNDLE_IDENTIFIER = projects.FamilyNightAssignments;
				PRODUCT_NAME = "$(TARGET_NAME)";
				STRING_CATALOG_GENERATE_SYMBOLS = YES;
				SWIFT_APPROACHABLE_CONCURRENCY = YES;
				SWIFT_DEFAULT_ACTOR_ISOLATION = MainActor;
				SWIFT_EMIT_LOC_STRINGS = YES;
				SWIFT_UPCOMING_FEATURE_MEMBER_IMPORT_VISIBILITY = YES;
				SWIFT_VERSION = 5.0;
				TARGETED_DEVICE_FAMILY = "1,2";
			};
			name = Debug;
		};
		F320C0162FD3DC1B009CF56C /* Release */ = {
			isa = XCBuildConfiguration;
			buildSettings = {
				ASSETCATALOG_COMPILER_APPICON_NAME = AppIcon;
				ASSETCATALOG_COMPILER_GLOBAL_ACCENT_COLOR_NAME = AccentColor;
				CODE_SIGN_STYLE = Automatic;
				CURRENT_PROJECT_VERSION = 1;
				DEVELOPMENT_TEAM = AKHAZ5HXAN;
				ENABLE_PREVIEWS = YES;
				GENERATE_INFOPLIST_FILE = YES;
				INFOPLIST_FILE = FamilyNightAssignments/Info.plist;
				INFOPLIST_KEY_CFBundleDisplayName = "Family Night Assignments";
				INFOPLIST_KEY_LSApplicationCategoryType = "public.app-category.lifestyle";
				INFOPLIST_KEY_NSCameraUsageDescription = "We need camera access to take your avatar photo.";
				INFOPLIST_KEY_UIApplicationSceneManifest_Generation = YES;
				INFOPLIST_KEY_UIApplicationSupportsIndirectInputEvents = YES;
				INFOPLIST_KEY_UILaunchScreen_Generation = YES;
				INFOPLIST_KEY_UISupportedInterfaceOrientations_iPad = "UIInterfaceOrientationPortrait UIInterfaceOrientationPortraitUpsideDown UIInterfaceOrientationLandscapeLeft UIInterfaceOrientationLandscapeRight";
				INFOPLIST_KEY_UISupportedInterfaceOrientations_iPhone = "UIInterfaceOrientationPortrait UIInterfaceOrientationLandscapeLeft UIInterfaceOrientationLandscapeRight";
				LD_RUNPATH_SEARCH_PATHS = (
					"$(inherited)",
					"@executable_path/Frameworks",
				);
				MARKETING_VERSION = 1.0;
				PRODUCT_BUNDLE_IDENTIFIER = projects.FamilyNightAssignments;
				PRODUCT_NAME = "$(TARGET_NAME)";
				STRING_CATALOG_GENERATE_SYMBOLS = YES;
				SWIFT_APPROACHABLE_CONCURRENCY = YES;
				SWIFT_DEFAULT_ACTOR_ISOLATION = MainActor;
				SWIFT_EMIT_LOC_STRINGS = YES;
				SWIFT_UPCOMING_FEATURE_MEMBER_IMPORT_VISIBILITY = YES;
				SWIFT_VERSION = 5.0;
				TARGETED_DEVICE_FAMILY = "1,2";
			};
			name = Release;
		};
		F320C0182FD3DC1B009CF56C /* Debug */ = {
			isa = XCBuildConfiguration;
			buildSettings = {
				BUNDLE_LOADER = "$(TEST_HOST)";
				CODE_SIGN_STYLE = Automatic;
				CURRENT_PROJECT_VERSION = 1;
				DEVELOPMENT_TEAM = AKHAZ5HXAN;
				GENERATE_INFOPLIST_FILE = YES;
				IPHONEOS_DEPLOYMENT_TARGET = 26.5;
				MARKETING_VERSION = 1.0;
				PRODUCT_BUNDLE_IDENTIFIER = projects.FamilyNightAssignmentsTests;
				PRODUCT_NAME = "$(TARGET_NAME)";
				STRING_CATALOG_GENERATE_SYMBOLS = NO;
				SWIFT_APPROACHABLE_CONCURRENCY = YES;
				SWIFT_EMIT_LOC_STRINGS = NO;
				SWIFT_UPCOMING_FEATURE_MEMBER_IMPORT_VISIBILITY = YES;
				SWIFT_VERSION = 5.0;
				TARGETED_DEVICE_FAMILY = "1,2";
				TEST_HOST = "$(BUILT_PRODUCTS_DIR)/FamilyNightAssignments.app/$(BUNDLE_EXECUTABLE_FOLDER_PATH)/FamilyNightAssignments";
			};
			name = Debug;
		};
		F320C0192FD3DC1B009CF56C /* Release */ = {
			isa = XCBuildConfiguration;
			buildSettings = {
				BUNDLE_LOADER = "$(TEST_HOST)";
				CODE_SIGN_STYLE = Automatic;
				CURRENT_PROJECT_VERSION = 1;
				DEVELOPMENT_TEAM = AKHAZ5HXAN;
				GENERATE_INFOPLIST_FILE = YES;
				IPHONEOS_DEPLOYMENT_TARGET = 26.5;
				MARKETING_VERSION = 1.0;
				PRODUCT_BUNDLE_IDENTIFIER = projects.FamilyNightAssignmentsTests;
				PRODUCT_NAME = "$(TARGET_NAME)";
				STRING_CATALOG_GENERATE_SYMBOLS = NO;
				SWIFT_APPROACHABLE_CONCURRENCY = YES;
				SWIFT_EMIT_LOC_STRINGS = NO;
				SWIFT_UPCOMING_FEATURE_MEMBER_IMPORT_VISIBILITY = YES;
				SWIFT_VERSION = 5.0;
				TARGETED_DEVICE_FAMILY = "1,2";
				TEST_HOST = "$(BUILT_PRODUCTS_DIR)/FamilyNightAssignments.app/$(BUNDLE_EXECUTABLE_FOLDER_PATH)/FamilyNightAssignments";
			};
			name = Release;
		};
		F320C01B2FD3DC1B009CF56C /* Debug */ = {
			isa = XCBuildConfiguration;
			buildSettings = {
				CODE_SIGN_STYLE = Automatic;
				CURRENT_PROJECT_VERSION = 1;
				DEVELOPMENT_TEAM = AKHAZ5HXAN;
				GENERATE_INFOPLIST_FILE = YES;
				MARKETING_VERSION = 1.0;
				PRODUCT_BUNDLE_IDENTIFIER = projects.FamilyNightAssignmentsUITests;
				PRODUCT_NAME = "$(TARGET_NAME)";
				STRING_CATALOG_GENERATE_SYMBOLS = NO;
				SWIFT_APPROACHABLE_CONCURRENCY = YES;
				SWIFT_EMIT_LOC_STRINGS = NO;
				SWIFT_UPCOMING_FEATURE_MEMBER_IMPORT_VISIBILITY = YES;
				SWIFT_VERSION = 5.0;
				TARGETED_DEVICE_FAMILY = "1,2";
				TEST_TARGET_NAME = FamilyNightAssignments;
			};
			name = Debug;
		};
		F320C01C2FD3DC1B009CF56C /* Release */ = {
			isa = XCBuildConfiguration;
			buildSettings = {
				CODE_SIGN_STYLE = Automatic;
				CURRENT_PROJECT_VERSION = 1;
				DEVELOPMENT_TEAM = AKHAZ5HXAN;
				GENERATE_INFOPLIST_FILE = YES;
				MARKETING_VERSION = 1.0;
				PRODUCT_BUNDLE_IDENTIFIER = projects.FamilyNightAssignmentsUITests;
				PRODUCT_NAME = "$(TARGET_NAME)";
				STRING_CATALOG_GENERATE_SYMBOLS = NO;
				SWIFT_APPROACHABLE_CONCURRENCY = YES;
				SWIFT_EMIT_LOC_STRINGS = NO;
				SWIFT_UPCOMING_FEATURE_MEMBER_IMPORT_VISIBILITY = YES;
				SWIFT_VERSION = 5.0;
				TARGETED_DEVICE_FAMILY = "1,2";
				TEST_TARGET_NAME = FamilyNightAssignments;
			};
			name = Release;
		};
/* End XCBuildConfiguration section */

/* Begin XCConfigurationList section */
		F320BFEC2FD3DC1A009CF56C /* Build configuration list for PBXProject "FamilyNightAssignments" */ = {
			isa = XCConfigurationList;
			buildConfigurations = (
				F320C0122FD3DC1B009CF56C /* Debug */,
				F320C0132FD3DC1B009CF56C /* Release */,
			);
			defaultConfigurationIsVisible = 0;
			defaultConfigurationName = Release;
		};
		F320C0142FD3DC1B009CF56C /* Build configuration list for PBXNativeTarget "FamilyNightAssignments" */ = {
			isa = XCConfigurationList;
			buildConfigurations = (
				F320C0152FD3DC1B009CF56C /* Debug */,
				F320C0162FD3DC1B009CF56C /* Release */,
			);
			defaultConfigurationIsVisible = 0;
			defaultConfigurationName = Release;
		};
		F320C0172FD3DC1B009CF56C /* Build configuration list for PBXNativeTarget "FamilyNightAssignmentsTests" */ = {
			isa = XCConfigurationList;
			buildConfigurations = (
				F320C0182FD3DC1B009CF56C /* Debug */,
				F320C0192FD3DC1B009CF56C /* Release */,
			);
			defaultConfigurationIsVisible = 0;
			defaultConfigurationName = Release;
		};
		F320C01A2FD3DC1B009CF56C /* Build configuration list for PBXNativeTarget "FamilyNightAssignmentsUITests" */ = {
			isa = XCConfigurationList;
			buildConfigurations = (
				F320C01B2FD3DC1B009CF56C /* Debug */,
				F320C01C2FD3DC1B009CF56C /* Release */,
			);
			defaultConfigurationIsVisible = 0;
			defaultConfigurationName = Release;
		};
/* End XCConfigurationList section */
	};
	rootObject = F320BFE92FD3DC1A009CF56C /* Project object */;
}
